
Microsoft Visual Studio Solution File, Format Version 12.00
# Visual Studio 15
VisualStudioVersion = 15.0.27004.2009
MinimumVisualStudioVersion = 10.0.40219.1
Project("{2150E333-8FDC-42A3-9474-1A3956D46DE8}") = "src", "src", "{995E2325-7BF0-41F8-837C-D0414AFB4873}"
EndProject
Project("{2150E333-8FDC-42A3-9474-1A3956D46DE8}") = "Solution Items", "Solution Items", "{165A57D7-7FEE-4744-A554-12D28A92E97F}"
EndProject
Project("{9A19103F-16F7-4668-BE54-9A1E7A4F7556}") = "BeetleX", "src\BeetleX\BeetleX.csproj", "{030CBAF4-6810-4980-9CC4-CDEE9F16317F}"
EndProject
Project("{2150E333-8FDC-42A3-9474-1A3956D46DE8}") = "examples", "examples", "{35D06630-0A84-44ED-9384-A556F934C876}"
EndProject
Project("{2150E333-8FDC-42A3-9474-1A3956D46DE8}") = "Echo", "Echo", "{47BD7986-5705-4EC4-B6AC-3740165CBD41}"
EndProject
Project("{2150E333-8FDC-42A3-9474-1A3956D46DE8}") = "Chat", "Chat", "{6C23DB7D-7323-4080-935A-3696B5CF15BD}"
EndProject
Project("{2150E333-8FDC-42A3-9474-1A3956D46DE8}") = "IMessage", "IMessage", "{D2259FE7-A4FB-419C-8C16-D1D36023070B}"
EndProject
Project("{2150E333-8FDC-42A3-9474-1A3956D46DE8}") = "Protobuf", "Protobuf", "{8240C835-2157-4F09-BF6C-CDF3A097CC61}"
EndProject
Project("{2150E333-8FDC-42A3-9474-1A3956D46DE8}") = "Json", "Json", "{704505A2-06C5-443B-9A67-01B43B7118B9}"
EndProject
Project("{2150E333-8FDC-42A3-9474-1A3956D46DE8}") = "MsgPack", "MsgPack", "{1C2D6D19-75A5-4D8B-833B-306EE6F48B9C}"
EndProject
Project("{9A19103F-16F7-4668-BE54-9A1E7A4F7556}") = "Chat.Server", "samples\Chat.Server\Chat.Server.csproj", "{CE4C7700-0034-4855-9287-94E96A047C9F}"
EndProject
Project("{9A19103F-16F7-4668-BE54-9A1E7A4F7556}") = "Chat.Client", "samples\Chat.Client\Chat.Client.csproj", "{B2C13F90-53D5-4526-80FE-5A4E40BB9105}"
EndProject
Project("{9A19103F-16F7-4668-BE54-9A1E7A4F7556}") = "Echo.Server", "samples\Echo.Server\Echo.Server.csproj", "{2B465B61-59D3-42E8-858B-DF56ED6B6176}"
EndProject
Project("{9A19103F-16F7-4668-BE54-9A1E7A4F7556}") = "Echo.Client", "samples\Echo.Client\Echo.Client.csproj", "{22230E69-F1C6-4F0E-9813-4FD5EDE3F6B6}"
EndProject
Project("{9A19103F-16F7-4668-BE54-9A1E7A4F7556}") = "Json.Client", "samples\Json.Client\Json.Client.csproj", "{EEF79186-8EBD-4AAF-A10E-A902AF91320F}"
EndProject
Project("{9A19103F-16F7-4668-BE54-9A1E7A4F7556}") = "Json.Messages", "samples\Json.Message\Json.Messages.csproj", "{0D79BB53-63EA-4800-8FA0-27D0E46253FC}"
EndProject
Project("{9A19103F-16F7-4668-BE54-9A1E7A4F7556}") = "Json.Server", "samples\Json.Server\Json.Server.csproj", "{BD5AF94C-9C8C-4EA2-8345-531F405383CF}"
EndProject
Project("{9A19103F-16F7-4668-BE54-9A1E7A4F7556}") = "MagPack.Messages", "samples\MagPack.Messages\MagPack.Messages.csproj", "{E3C22826-91EB-4CBC-88CD-437861437ED9}"
EndProject
Project("{9A19103F-16F7-4668-BE54-9A1E7A4F7556}") = "MsgPack.Client", "samples\MsgPack.Client\MsgPack.Client.csproj", "{A2E61BDF-276D-4F9E-BB1E-531CE98034A4}"
EndProject
Project("{9A19103F-16F7-4668-BE54-9A1E7A4F7556}") = "MsgPack.Server", "samples\MsgPack.Server\MsgPack.Server.csproj", "{AA463E46-C2B0-432F-9022-C070EB9A403B}"
EndProject
Project("{9A19103F-16F7-4668-BE54-9A1E7A4F7556}") = "Protobuf.Client", "samples\Protobuf.Client\Protobuf.Client.csproj", "{B5DD3F30-7343-4646-86D1-503FE14DA199}"
EndProject
Project("{9A19103F-16F7-4668-BE54-9A1E7A4F7556}") = "Protobuf.Messages", "samples\Protobuf.Messages\Protobuf.Messages.csproj", "{6BFB9185-8341-4D74-905D-7D3F3ED2CE12}"
EndProject
Project("{9A19103F-16F7-4668-BE54-9A1E7A4F7556}") = "Protobuf.Server", "samples\Protobuf.Server\Protobuf.Server.csproj", "{68A5F15C-0CC8-4783-8169-906AF37C3B22}"
EndProject
Project("{9A19103F-16F7-4668-BE54-9A1E7A4F7556}") = "IMessage.Server", "samples\IMessage.Server\IMessage.Server.csproj", "{19D796BA-2107-41E4-A460-4E000BDDD3F7}"
EndProject
Project("{9A19103F-16F7-4668-BE54-9A1E7A4F7556}") = "IMessage.Client", "samples\IMessage.Client\IMessage.Client.csproj", "{0CAD094B-9733-4CB1-8D1A-48A269153EC6}"
EndProject
Global
	GlobalSection(SolutionConfigurationPlatforms) = preSolution
		Debug|Any CPU = Debug|Any CPU
		Release|Any CPU = Release|Any CPU
	EndGlobalSection
	GlobalSection(ProjectConfigurationPlatforms) = postSolution
		{030CBAF4-6810-4980-9CC4-CDEE9F16317F}.Debug|Any CPU.ActiveCfg = Debug|Any CPU
		{030CBAF4-6810-4980-9CC4-CDEE9F16317F}.Debug|Any CPU.Build.0 = Debug|Any CPU
		{030CBAF4-6810-4980-9CC4-CDEE9F16317F}.Release|Any CPU.ActiveCfg = Release|Any CPU
		{030CBAF4-6810-4980-9CC4-CDEE9F16317F}.Release|Any CPU.Build.0 = Release|Any CPU
		{CE4C7700-0034-4855-9287-94E96A047C9F}.Debug|Any CPU.ActiveCfg = Debug|Any CPU
		{CE4C7700-0034-4855-9287-94E96A047C9F}.Debug|Any CPU.Build.0 = Debug|Any CPU
		{CE4C7700-0034-4855-9287-94E96A047C9F}.Release|Any CPU.ActiveCfg = Release|Any CPU
		{CE4C7700-0034-4855-9287-94E96A047C9F}.Release|Any CPU.Build.0 = Release|Any CPU
		{B2C13F90-53D5-4526-80FE-5A4E40BB9105}.Debug|Any CPU.ActiveCfg = Debug|Any CPU
		{B2C13F90-53D5-4526-80FE-5A4E40BB9105}.Debug|Any CPU.Build.0 = Debug|Any CPU
		{B2C13F90-53D5-4526-80FE-5A4E40BB9105}.Release|Any CPU.ActiveCfg = Release|Any CPU
		{B2C13F90-53D5-4526-80FE-5A4E40BB9105}.Release|Any CPU.Build.0 = Release|Any CPU
		{2B465B61-59D3-42E8-858B-DF56ED6B6176}.Debug|Any CPU.ActiveCfg = Debug|Any CPU
		{2B465B61-59D3-42E8-858B-DF56ED6B6176}.Debug|Any CPU.Build.0 = Debug|Any CPU
		{2B465B61-59D3-42E8-858B-DF56ED6B6176}.Release|Any CPU.ActiveCfg = Release|Any CPU
		{2B465B61-59D3-42E8-858B-DF56ED6B6176}.Release|Any CPU.Build.0 = Release|Any CPU
		{22230E69-F1C6-4F0E-9813-4FD5EDE3F6B6}.Debug|Any CPU.ActiveCfg = Debug|Any CPU
		{22230E69-F1C6-4F0E-9813-4FD5EDE3F6B6}.Debug|Any CPU.Build.0 = Debug|Any CPU
		{22230E69-F1C6-4F0E-9813-4FD5EDE3F6B6}.Release|Any CPU.ActiveCfg = Release|Any CPU
		{22230E69-F1C6-4F0E-9813-4FD5EDE3F6B6}.Release|Any CPU.Build.0 = Release|Any CPU
		{EEF79186-8EBD-4AAF-A10E-A902AF91320F}.Debug|Any CPU.ActiveCfg = Debug|Any CPU
		{EEF79186-8EBD-4AAF-A10E-A902AF91320F}.Debug|Any CPU.Build.0 = Debug|Any CPU
		{EEF79186-8EBD-4AAF-A10E-A902AF91320F}.Release|Any CPU.ActiveCfg = Release|Any CPU
		{EEF79186-8EBD-4AAF-A10E-A902AF91320F}.Release|Any CPU.Build.0 = Release|Any CPU
		{0D79BB53-63EA-4800-8FA0-27D0E46253FC}.Debug|Any CPU.ActiveCfg = Debug|Any CPU
		{0D79BB53-63EA-4800-8FA0-27D0E46253FC}.Debug|Any CPU.Build.0 = Debug|Any CPU
		{0D79BB53-63EA-4800-8FA0-27D0E46253FC}.Release|Any CPU.ActiveCfg = Release|Any CPU
		{0D79BB53-63EA-4800-8FA0-27D0E46253FC}.Release|Any CPU.Build.0 = Release|Any CPU
		{BD5AF94C-9C8C-4EA2-8345-531F405383CF}.Debug|Any CPU.ActiveCfg = Debug|Any CPU
		{BD5AF94C-9C8C-4EA2-8345-531F405383CF}.Debug|Any CPU.Build.0 = Debug|Any CPU
		{BD5AF94C-9C8C-4EA2-8345-531F405383CF}.Release|Any CPU.ActiveCfg = Release|Any CPU
		{BD5AF94C-9C8C-4EA2-8345-531F405383CF}.Release|Any CPU.Build.0 = Release|Any CPU
		{E3C22826-91EB-4CBC-88CD-437861437ED9}.Debug|Any CPU.ActiveCfg = Debug|Any CPU
		{E3C22826-91EB-4CBC-88CD-437861437ED9}.Debug|Any CPU.Build.0 = Debug|Any CPU
		{E3C22826-91EB-4CBC-88CD-437861437ED9}.Release|Any CPU.ActiveCfg = Release|Any CPU
		{E3C22826-91EB-4CBC-88CD-437861437ED9}.Release|Any CPU.Build.0 = Release|Any CPU
		{A2E61BDF-276D-4F9E-BB1E-531CE98034A4}.Debug|Any CPU.ActiveCfg = Debug|Any CPU
		{A2E61BDF-276D-4F9E-BB1E-531CE98034A4}.Debug|Any CPU.Build.0 = Debug|Any CPU
		{A2E61BDF-276D-4F9E-BB1E-531CE98034A4}.Release|Any CPU.ActiveCfg = Release|Any CPU
		{A2E61BDF-276D-4F9E-BB1E-531CE98034A4}.Release|Any CPU.Build.0 = Release|Any CPU
		{AA463E46-C2B0-432F-9022-C070EB9A403B}.Debug|Any CPU.ActiveCfg = Debug|Any CPU
		{AA463E46-C2B0-432F-9022-C070EB9A403B}.Debug|Any CPU.Build.0 = Debug|Any CPU
		{AA463E46-C2B0-432F-9022-C070EB9A403B}.Release|Any CPU.ActiveCfg = Release|Any CPU
		{AA463E46-C2B0-432F-9022-C070EB9A403B}.Release|Any CPU.Build.0 = Release|Any CPU
		{B5DD3F30-7343-4646-86D1-503FE14DA199}.Debug|Any CPU.ActiveCfg = Debug|Any CPU
		{B5DD3F30-7343-4646-86D1-503FE14DA199}.Debug|Any CPU.Build.0 = Debug|Any CPU
		{B5DD3F30-7343-4646-86D1-503FE14DA199}.Release|Any CPU.ActiveCfg = Release|Any CPU
		{B5DD3F30-7343-4646-86D1-503FE14DA199}.Release|Any CPU.Build.0 = Release|Any CPU
		{6BFB9185-8341-4D74-905D-7D3F3ED2CE12}.Debug|Any CPU.ActiveCfg = Debug|Any CPU
		{6BFB9185-8341-4D74-905D-7D3F3ED2CE12}.Debug|Any CPU.Build.0 = Debug|Any CPU
		{6BFB9185-8341-4D74-905D-7D3F3ED2CE12}.Release|Any CPU.ActiveCfg = Release|Any CPU
		{6BFB9185-8341-4D74-905D-7D3F3ED2CE12}.Release|Any CPU.Build.0 = Release|Any CPU
		{68A5F15C-0CC8-4783-8169-906AF37C3B22}.Debug|Any CPU.ActiveCfg = Debug|Any CPU
		{68A5F15C-0CC8-4783-8169-906AF37C3B22}.Debug|Any CPU.Build.0 = Debug|Any CPU
		{68A5F15C-0CC8-4783-8169-906AF37C3B22}.Release|Any CPU.ActiveCfg = Release|Any CPU
		{68A5F15C-0CC8-4783-8169-906AF37C3B22}.Release|Any CPU.Build.0 = Release|Any CPU
		{19D796BA-2107-41E4-A460-4E000BDDD3F7}.Debug|Any CPU.ActiveCfg = Debug|Any CPU
		{19D796BA-2107-41E4-A460-4E000BDDD3F7}.Debug|Any CPU.Build.0 = Debug|Any CPU
		{19D796BA-2107-41E4-A460-4E000BDDD3F7}.Release|Any CPU.ActiveCfg = Release|Any CPU
		{19D796BA-2107-41E4-A460-4E000BDDD3F7}.Release|Any CPU.Build.0 = Release|Any CPU
		{0CAD094B-9733-4CB1-8D1A-48A269153EC6}.Debug|Any CPU.ActiveCfg = Debug|Any CPU
		{0CAD094B-9733-4CB1-8D1A-48A269153EC6}.Debug|Any CPU.Build.0 = Debug|Any CPU
		{0CAD094B-9733-4CB1-8D1A-48A269153EC6}.Release|Any CPU.ActiveCfg = Release|Any CPU
		{0CAD094B-9733-4CB1-8D1A-48A269153EC6}.Release|Any CPU.Build.0 = Release|Any CPU
	EndGlobalSection
	GlobalSection(SolutionProperties) = preSolution
		HideSolutionNode = FALSE
	EndGlobalSection
	GlobalSection(NestedProjects) = preSolution
		{030CBAF4-6810-4980-9CC4-CDEE9F16317F} = {995E2325-7BF0-41F8-837C-D0414AFB4873}
		{47BD7986-5705-4EC4-B6AC-3740165CBD41} = {35D06630-0A84-44ED-9384-A556F934C876}
		{6C23DB7D-7323-4080-935A-3696B5CF15BD} = {35D06630-0A84-44ED-9384-A556F934C876}
		{D2259FE7-A4FB-419C-8C16-D1D36023070B} = {35D06630-0A84-44ED-9384-A556F934C876}
		{8240C835-2157-4F09-BF6C-CDF3A097CC61} = {35D06630-0A84-44ED-9384-A556F934C876}
		{704505A2-06C5-443B-9A67-01B43B7118B9} = {35D06630-0A84-44ED-9384-A556F934C876}
		{1C2D6D19-75A5-4D8B-833B-306EE6F48B9C} = {35D06630-0A84-44ED-9384-A556F934C876}
		{CE4C7700-0034-4855-9287-94E96A047C9F} = {6C23DB7D-7323-4080-935A-3696B5CF15BD}
		{B2C13F90-53D5-4526-80FE-5A4E40BB9105} = {6C23DB7D-7323-4080-935A-3696B5CF15BD}
		{2B465B61-59D3-42E8-858B-DF56ED6B6176} = {47BD7986-5705-4EC4-B6AC-3740165CBD41}
		{22230E69-F1C6-4F0E-9813-4FD5EDE3F6B6} = {47BD7986-5705-4EC4-B6AC-3740165CBD41}
		{EEF79186-8EBD-4AAF-A10E-A902AF91320F} = {704505A2-06C5-443B-9A67-01B43B7118B9}
		{0D79BB53-63EA-4800-8FA0-27D0E46253FC} = {704505A2-06C5-443B-9A67-01B43B7118B9}
		{BD5AF94C-9C8C-4EA2-8345-531F405383CF} = {704505A2-06C5-443B-9A67-01B43B7118B9}
		{E3C22826-91EB-4CBC-88CD-437861437ED9} = {1C2D6D19-75A5-4D8B-833B-306EE6F48B9C}
		{A2E61BDF-276D-4F9E-BB1E-531CE98034A4} = {1C2D6D19-75A5-4D8B-833B-306EE6F48B9C}
		{AA463E46-C2B0-432F-9022-C070EB9A403B} = {1C2D6D19-75A5-4D8B-833B-306EE6F48B9C}
		{B5DD3F30-7343-4646-86D1-503FE14DA199} = {8240C835-2157-4F09-BF6C-CDF3A097CC61}
		{6BFB9185-8341-4D74-905D-7D3F3ED2CE12} = {8240C835-2157-4F09-BF6C-CDF3A097CC61}
		{68A5F15C-0CC8-4783-8169-906AF37C3B22} = {8240C835-2157-4F09-BF6C-CDF3A097CC61}
		{19D796BA-2107-41E4-A460-4E000BDDD3F7} = {D2259FE7-A4FB-419C-8C16-D1D36023070B}
		{0CAD094B-9733-4CB1-8D1A-48A269153EC6} = {D2259FE7-A4FB-419C-8C16-D1D36023070B}
	EndGlobalSection
	GlobalSection(ExtensibilityGlobals) = postSolution
		SolutionGuid = {B6DA64F0-9724-4A9E-B236-15DE9369E98F}
	EndGlobalSection
	GlobalSection(Performance) = preSolution
		HasPerformanceSessions = true
	EndGlobalSection
EndGlobal
