
Microsoft Visual Studio Solution File, Format Version 12.00
# Visual Studio 15
VisualStudioVersion = 15.0.27004.2009
MinimumVisualStudioVersion = 10.0.40219.1
Project("{2150E333-8FDC-42A3-9474-1A3956D46DE8}") = "src", "src", "{995E2325-7BF0-41F8-837C-D0414AFB4873}"
EndProject
Project("{2150E333-8FDC-42A3-9474-1A3956D46DE8}") = "Solution Items", "Solution Items", "{165A57D7-7FEE-4744-A554-12D28A92E97F}"
EndProject
Project("{9A19103F-16F7-4668-BE54-9A1E7A4F7556}") = "BeetleX", "src\BeetleX\BeetleX.csproj", "{030CBAF4-6810-4980-9CC4-CDEE9F16317F}"
EndProject
Project("{2150E333-8FDC-42A3-9474-1A3956D46DE8}") = "examples", "examples", "{35D06630-0A84-44ED-9384-A556F934C876}"
EndProject
Project("{2150E333-8FDC-42A3-9474-1A3956D46DE8}") = "Echo", "Echo", "{47BD7986-5705-4EC4-B6AC-3740165CBD41}"
EndProject
Project("{FAE04EC0-301F-11D3-BF4B-00C04F79EFBC}") = "Echo.Server", "Echo.Server\Echo.Server.csproj", "{86E6A1D4-D17F-4B5C-8D9E-B8525E134633}"
EndProject
Project("{FAE04EC0-301F-11D3-BF4B-00C04F79EFBC}") = "Echo.Client", "Echo.Client\Echo.Client.csproj", "{D23D2A37-4E73-457A-9D54-059C1655EA2F}"
EndProject
Project("{2150E333-8FDC-42A3-9474-1A3956D46DE8}") = "Chat", "Chat", "{6C23DB7D-7323-4080-935A-3696B5CF15BD}"
EndProject
Project("{2150E333-8FDC-42A3-9474-1A3956D46DE8}") = "IMessage", "IMessage", "{D2259FE7-A4FB-419C-8C16-D1D36023070B}"
EndProject
Project("{2150E333-8FDC-42A3-9474-1A3956D46DE8}") = "Protobuf", "Protobuf", "{8240C835-2157-4F09-BF6C-CDF3A097CC61}"
EndProject
Project("{2150E333-8FDC-42A3-9474-1A3956D46DE8}") = "Json", "Json", "{704505A2-06C5-443B-9A67-01B43B7118B9}"
EndProject
Project("{FAE04EC0-301F-11D3-BF4B-00C04F79EFBC}") = "Chat.Server", "Chat.Server\Chat.Server.csproj", "{82CD28F4-AB09-4A51-9F7E-C52C3E4AB9FD}"
EndProject
Project("{FAE04EC0-301F-11D3-BF4B-00C04F79EFBC}") = "Chat.Client", "Chat.Client\Chat.Client.csproj", "{A3D2BBDA-89F2-4A33-A2C3-B66BBD1F4FD0}"
EndProject
Project("{FAE04EC0-301F-11D3-BF4B-00C04F79EFBC}") = "IMessage.Server", "IMessage.Server\IMessage.Server.csproj", "{B7E99ABE-59DA-478A-AB98-2DF7CED1A600}"
EndProject
Project("{FAE04EC0-301F-11D3-BF4B-00C04F79EFBC}") = "IMessage.Client", "IMessage.Client\IMessage.Client.csproj", "{BD3A1175-5220-4FA3-AD0A-A6A7CA032C20}"
EndProject
Project("{FAE04EC0-301F-11D3-BF4B-00C04F79EFBC}") = "Protobuf.Server", "Protobuf.Server\Protobuf.Server.csproj", "{1E2D0C5E-A51C-4F35-8B50-6FF4BFFAF248}"
EndProject
Project("{FAE04EC0-301F-11D3-BF4B-00C04F79EFBC}") = "Protobuf.Client", "Protobuf.Client\Protobuf.Client.csproj", "{4141CF17-E988-4BC6-BFB6-D3AE14C4DE65}"
EndProject
Project("{FAE04EC0-301F-11D3-BF4B-00C04F79EFBC}") = "Protobuf.Messages", "Protobuf.Messages\Protobuf.Messages.csproj", "{65B86276-AEB6-4579-814B-2F21D86A1EC7}"
EndProject
Project("{FAE04EC0-301F-11D3-BF4B-00C04F79EFBC}") = "Json.Server", "Json.Server\Json.Server.csproj", "{B4057B81-7258-4E6C-ADCD-AB175BB8A268}"
EndProject
Project("{FAE04EC0-301F-11D3-BF4B-00C04F79EFBC}") = "Json.Client", "Json.Client\Json.Client.csproj", "{9E9E74C0-FF83-468B-8372-7EBA183B25AB}"
EndProject
Project("{FAE04EC0-301F-11D3-BF4B-00C04F79EFBC}") = "Json.Messages", "Json.Message\Json.Messages.csproj", "{7FF8FA20-A748-4852-AEDD-D2DCA24D5496}"
EndProject
Project("{2150E333-8FDC-42A3-9474-1A3956D46DE8}") = "MsgPack", "MsgPack", "{1C2D6D19-75A5-4D8B-833B-306EE6F48B9C}"
EndProject
Project("{9A19103F-16F7-4668-BE54-9A1E7A4F7556}") = "MagPack.Messages", "MagPack.Messages\MagPack.Messages.csproj", "{5B37AB6D-0268-4C14-AD34-CAD4CDE63B1C}"
EndProject
Project("{FAE04EC0-301F-11D3-BF4B-00C04F79EFBC}") = "MsgPack.Server", "MsgPack.Server\MsgPack.Server.csproj", "{27E53F35-143E-437D-9540-FBA62BC80C3D}"
EndProject
Project("{FAE04EC0-301F-11D3-BF4B-00C04F79EFBC}") = "MsgPack.Client", "MsgPack.Client\MsgPack.Client.csproj", "{43E1BA51-5A56-4148-8229-320656856B49}"
EndProject
Global
	GlobalSection(SolutionConfigurationPlatforms) = preSolution
		Debug|Any CPU = Debug|Any CPU
		Release|Any CPU = Release|Any CPU
	EndGlobalSection
	GlobalSection(ProjectConfigurationPlatforms) = postSolution
		{030CBAF4-6810-4980-9CC4-CDEE9F16317F}.Debug|Any CPU.ActiveCfg = Debug|Any CPU
		{030CBAF4-6810-4980-9CC4-CDEE9F16317F}.Debug|Any CPU.Build.0 = Debug|Any CPU
		{030CBAF4-6810-4980-9CC4-CDEE9F16317F}.Release|Any CPU.ActiveCfg = Release|Any CPU
		{030CBAF4-6810-4980-9CC4-CDEE9F16317F}.Release|Any CPU.Build.0 = Release|Any CPU
		{86E6A1D4-D17F-4B5C-8D9E-B8525E134633}.Debug|Any CPU.ActiveCfg = Debug|Any CPU
		{86E6A1D4-D17F-4B5C-8D9E-B8525E134633}.Debug|Any CPU.Build.0 = Debug|Any CPU
		{86E6A1D4-D17F-4B5C-8D9E-B8525E134633}.Release|Any CPU.ActiveCfg = Release|Any CPU
		{86E6A1D4-D17F-4B5C-8D9E-B8525E134633}.Release|Any CPU.Build.0 = Release|Any CPU
		{D23D2A37-4E73-457A-9D54-059C1655EA2F}.Debug|Any CPU.ActiveCfg = Debug|Any CPU
		{D23D2A37-4E73-457A-9D54-059C1655EA2F}.Debug|Any CPU.Build.0 = Debug|Any CPU
		{D23D2A37-4E73-457A-9D54-059C1655EA2F}.Release|Any CPU.ActiveCfg = Release|Any CPU
		{D23D2A37-4E73-457A-9D54-059C1655EA2F}.Release|Any CPU.Build.0 = Release|Any CPU
		{82CD28F4-AB09-4A51-9F7E-C52C3E4AB9FD}.Debug|Any CPU.ActiveCfg = Debug|Any CPU
		{82CD28F4-AB09-4A51-9F7E-C52C3E4AB9FD}.Debug|Any CPU.Build.0 = Debug|Any CPU
		{82CD28F4-AB09-4A51-9F7E-C52C3E4AB9FD}.Release|Any CPU.ActiveCfg = Release|Any CPU
		{82CD28F4-AB09-4A51-9F7E-C52C3E4AB9FD}.Release|Any CPU.Build.0 = Release|Any CPU
		{A3D2BBDA-89F2-4A33-A2C3-B66BBD1F4FD0}.Debug|Any CPU.ActiveCfg = Debug|Any CPU
		{A3D2BBDA-89F2-4A33-A2C3-B66BBD1F4FD0}.Debug|Any CPU.Build.0 = Debug|Any CPU
		{A3D2BBDA-89F2-4A33-A2C3-B66BBD1F4FD0}.Release|Any CPU.ActiveCfg = Release|Any CPU
		{A3D2BBDA-89F2-4A33-A2C3-B66BBD1F4FD0}.Release|Any CPU.Build.0 = Release|Any CPU
		{B7E99ABE-59DA-478A-AB98-2DF7CED1A600}.Debug|Any CPU.ActiveCfg = Debug|Any CPU
		{B7E99ABE-59DA-478A-AB98-2DF7CED1A600}.Debug|Any CPU.Build.0 = Debug|Any CPU
		{B7E99ABE-59DA-478A-AB98-2DF7CED1A600}.Release|Any CPU.ActiveCfg = Release|Any CPU
		{B7E99ABE-59DA-478A-AB98-2DF7CED1A600}.Release|Any CPU.Build.0 = Release|Any CPU
		{BD3A1175-5220-4FA3-AD0A-A6A7CA032C20}.Debug|Any CPU.ActiveCfg = Debug|Any CPU
		{BD3A1175-5220-4FA3-AD0A-A6A7CA032C20}.Debug|Any CPU.Build.0 = Debug|Any CPU
		{BD3A1175-5220-4FA3-AD0A-A6A7CA032C20}.Release|Any CPU.ActiveCfg = Release|Any CPU
		{BD3A1175-5220-4FA3-AD0A-A6A7CA032C20}.Release|Any CPU.Build.0 = Release|Any CPU
		{1E2D0C5E-A51C-4F35-8B50-6FF4BFFAF248}.Debug|Any CPU.ActiveCfg = Debug|Any CPU
		{1E2D0C5E-A51C-4F35-8B50-6FF4BFFAF248}.Debug|Any CPU.Build.0 = Debug|Any CPU
		{1E2D0C5E-A51C-4F35-8B50-6FF4BFFAF248}.Release|Any CPU.ActiveCfg = Release|Any CPU
		{1E2D0C5E-A51C-4F35-8B50-6FF4BFFAF248}.Release|Any CPU.Build.0 = Release|Any CPU
		{4141CF17-E988-4BC6-BFB6-D3AE14C4DE65}.Debug|Any CPU.ActiveCfg = Debug|Any CPU
		{4141CF17-E988-4BC6-BFB6-D3AE14C4DE65}.Debug|Any CPU.Build.0 = Debug|Any CPU
		{4141CF17-E988-4BC6-BFB6-D3AE14C4DE65}.Release|Any CPU.ActiveCfg = Release|Any CPU
		{4141CF17-E988-4BC6-BFB6-D3AE14C4DE65}.Release|Any CPU.Build.0 = Release|Any CPU
		{65B86276-AEB6-4579-814B-2F21D86A1EC7}.Debug|Any CPU.ActiveCfg = Debug|Any CPU
		{65B86276-AEB6-4579-814B-2F21D86A1EC7}.Debug|Any CPU.Build.0 = Debug|Any CPU
		{65B86276-AEB6-4579-814B-2F21D86A1EC7}.Release|Any CPU.ActiveCfg = Release|Any CPU
		{65B86276-AEB6-4579-814B-2F21D86A1EC7}.Release|Any CPU.Build.0 = Release|Any CPU
		{B4057B81-7258-4E6C-ADCD-AB175BB8A268}.Debug|Any CPU.ActiveCfg = Debug|Any CPU
		{B4057B81-7258-4E6C-ADCD-AB175BB8A268}.Debug|Any CPU.Build.0 = Debug|Any CPU
		{B4057B81-7258-4E6C-ADCD-AB175BB8A268}.Release|Any CPU.ActiveCfg = Release|Any CPU
		{B4057B81-7258-4E6C-ADCD-AB175BB8A268}.Release|Any CPU.Build.0 = Release|Any CPU
		{9E9E74C0-FF83-468B-8372-7EBA183B25AB}.Debug|Any CPU.ActiveCfg = Debug|Any CPU
		{9E9E74C0-FF83-468B-8372-7EBA183B25AB}.Debug|Any CPU.Build.0 = Debug|Any CPU
		{9E9E74C0-FF83-468B-8372-7EBA183B25AB}.Release|Any CPU.ActiveCfg = Release|Any CPU
		{9E9E74C0-FF83-468B-8372-7EBA183B25AB}.Release|Any CPU.Build.0 = Release|Any CPU
		{7FF8FA20-A748-4852-AEDD-D2DCA24D5496}.Debug|Any CPU.ActiveCfg = Debug|Any CPU
		{7FF8FA20-A748-4852-AEDD-D2DCA24D5496}.Debug|Any CPU.Build.0 = Debug|Any CPU
		{7FF8FA20-A748-4852-AEDD-D2DCA24D5496}.Release|Any CPU.ActiveCfg = Release|Any CPU
		{7FF8FA20-A748-4852-AEDD-D2DCA24D5496}.Release|Any CPU.Build.0 = Release|Any CPU
		{5B37AB6D-0268-4C14-AD34-CAD4CDE63B1C}.Debug|Any CPU.ActiveCfg = Debug|Any CPU
		{5B37AB6D-0268-4C14-AD34-CAD4CDE63B1C}.Debug|Any CPU.Build.0 = Debug|Any CPU
		{5B37AB6D-0268-4C14-AD34-CAD4CDE63B1C}.Release|Any CPU.ActiveCfg = Release|Any CPU
		{5B37AB6D-0268-4C14-AD34-CAD4CDE63B1C}.Release|Any CPU.Build.0 = Release|Any CPU
		{27E53F35-143E-437D-9540-FBA62BC80C3D}.Debug|Any CPU.ActiveCfg = Debug|Any CPU
		{27E53F35-143E-437D-9540-FBA62BC80C3D}.Debug|Any CPU.Build.0 = Debug|Any CPU
		{27E53F35-143E-437D-9540-FBA62BC80C3D}.Release|Any CPU.ActiveCfg = Release|Any CPU
		{27E53F35-143E-437D-9540-FBA62BC80C3D}.Release|Any CPU.Build.0 = Release|Any CPU
		{43E1BA51-5A56-4148-8229-320656856B49}.Debug|Any CPU.ActiveCfg = Debug|Any CPU
		{43E1BA51-5A56-4148-8229-320656856B49}.Debug|Any CPU.Build.0 = Debug|Any CPU
		{43E1BA51-5A56-4148-8229-320656856B49}.Release|Any CPU.ActiveCfg = Release|Any CPU
		{43E1BA51-5A56-4148-8229-320656856B49}.Release|Any CPU.Build.0 = Release|Any CPU
	EndGlobalSection
	GlobalSection(SolutionProperties) = preSolution
		HideSolutionNode = FALSE
	EndGlobalSection
	GlobalSection(NestedProjects) = preSolution
		{030CBAF4-6810-4980-9CC4-CDEE9F16317F} = {995E2325-7BF0-41F8-837C-D0414AFB4873}
		{47BD7986-5705-4EC4-B6AC-3740165CBD41} = {35D06630-0A84-44ED-9384-A556F934C876}
		{86E6A1D4-D17F-4B5C-8D9E-B8525E134633} = {47BD7986-5705-4EC4-B6AC-3740165CBD41}
		{D23D2A37-4E73-457A-9D54-059C1655EA2F} = {47BD7986-5705-4EC4-B6AC-3740165CBD41}
		{6C23DB7D-7323-4080-935A-3696B5CF15BD} = {35D06630-0A84-44ED-9384-A556F934C876}
		{D2259FE7-A4FB-419C-8C16-D1D36023070B} = {35D06630-0A84-44ED-9384-A556F934C876}
		{8240C835-2157-4F09-BF6C-CDF3A097CC61} = {35D06630-0A84-44ED-9384-A556F934C876}
		{704505A2-06C5-443B-9A67-01B43B7118B9} = {35D06630-0A84-44ED-9384-A556F934C876}
		{82CD28F4-AB09-4A51-9F7E-C52C3E4AB9FD} = {6C23DB7D-7323-4080-935A-3696B5CF15BD}
		{A3D2BBDA-89F2-4A33-A2C3-B66BBD1F4FD0} = {6C23DB7D-7323-4080-935A-3696B5CF15BD}
		{B7E99ABE-59DA-478A-AB98-2DF7CED1A600} = {D2259FE7-A4FB-419C-8C16-D1D36023070B}
		{BD3A1175-5220-4FA3-AD0A-A6A7CA032C20} = {D2259FE7-A4FB-419C-8C16-D1D36023070B}
		{1E2D0C5E-A51C-4F35-8B50-6FF4BFFAF248} = {8240C835-2157-4F09-BF6C-CDF3A097CC61}
		{4141CF17-E988-4BC6-BFB6-D3AE14C4DE65} = {8240C835-2157-4F09-BF6C-CDF3A097CC61}
		{65B86276-AEB6-4579-814B-2F21D86A1EC7} = {8240C835-2157-4F09-BF6C-CDF3A097CC61}
		{B4057B81-7258-4E6C-ADCD-AB175BB8A268} = {704505A2-06C5-443B-9A67-01B43B7118B9}
		{9E9E74C0-FF83-468B-8372-7EBA183B25AB} = {704505A2-06C5-443B-9A67-01B43B7118B9}
		{7FF8FA20-A748-4852-AEDD-D2DCA24D5496} = {704505A2-06C5-443B-9A67-01B43B7118B9}
		{1C2D6D19-75A5-4D8B-833B-306EE6F48B9C} = {35D06630-0A84-44ED-9384-A556F934C876}
		{5B37AB6D-0268-4C14-AD34-CAD4CDE63B1C} = {1C2D6D19-75A5-4D8B-833B-306EE6F48B9C}
		{27E53F35-143E-437D-9540-FBA62BC80C3D} = {1C2D6D19-75A5-4D8B-833B-306EE6F48B9C}
		{43E1BA51-5A56-4148-8229-320656856B49} = {1C2D6D19-75A5-4D8B-833B-306EE6F48B9C}
	EndGlobalSection
	GlobalSection(ExtensibilityGlobals) = postSolution
		SolutionGuid = {B6DA64F0-9724-4A9E-B236-15DE9369E98F}
	EndGlobalSection
	GlobalSection(Performance) = preSolution
		HasPerformanceSessions = true
	EndGlobalSection
EndGlobal
