
Microsoft Visual Studio Solution File, Format Version 12.00
# Visual Studio 15
VisualStudioVersion = 15.0.28307.705
MinimumVisualStudioVersion = 10.0.40219.1
Project("{FAE04EC0-301F-11D3-BF4B-00C04F79EFBC}") = "TCP.BaseHttp", "TCP.BaseHttp\TCP.BaseHttp.csproj", "{ED27A8A0-61D8-41D9-B621-5DD87D53A543}"
EndProject
Global
	GlobalSection(SolutionConfigurationPlatforms) = preSolution
		Debug|Any CPU = Debug|Any CPU
		Release|Any CPU = Release|Any CPU
	EndGlobalSection
	GlobalSection(ProjectConfigurationPlatforms) = postSolution
		{ED27A8A0-61D8-41D9-B621-5DD87D53A543}.Debug|Any CPU.ActiveCfg = Debug|Any CPU
		{ED27A8A0-61D8-41D9-B621-5DD87D53A543}.Debug|Any CPU.Build.0 = Debug|Any CPU
		{ED27A8A0-61D8-41D9-B621-5DD87D53A543}.Release|Any CPU.ActiveCfg = Release|Any CPU
		{ED27A8A0-61D8-41D9-B621-5DD87D53A543}.Release|Any CPU.Build.0 = Release|Any CPU
	EndGlobalSection
	GlobalSection(SolutionProperties) = preSolution
		HideSolutionNode = FALSE
	EndGlobalSection
	GlobalSection(ExtensibilityGlobals) = postSolution
		SolutionGuid = {3CB8A995-2D70-4CEC-B298-B5FCED4FC691}
	EndGlobalSection
EndGlobal
