
Microsoft Visual Studio Solution File, Format Version 12.00
# Visual Studio 15
VisualStudioVersion = 15.0.28307.705
MinimumVisualStudioVersion = 10.0.40219.1
Project("{9A19103F-16F7-4668-BE54-9A1E7A4F7556}") = "Server", "Server\Server.csproj", "{01636360-991A-43DE-8C32-78C00D5C7406}"
EndProject
Project("{9A19103F-16F7-4668-BE54-9A1E7A4F7556}") = "Client", "Client\Client.csproj", "{7C8A6B33-57CF-4FA0-B855-E6411C378194}"
EndProject
Global
	GlobalSection(SolutionConfigurationPlatforms) = preSolution
		Debug|Any CPU = Debug|Any CPU
		Release|Any CPU = Release|Any CPU
	EndGlobalSection
	GlobalSection(ProjectConfigurationPlatforms) = postSolution
		{01636360-991A-43DE-8C32-78C00D5C7406}.Debug|Any CPU.ActiveCfg = Debug|Any CPU
		{01636360-991A-43DE-8C32-78C00D5C7406}.Debug|Any CPU.Build.0 = Debug|Any CPU
		{01636360-991A-43DE-8C32-78C00D5C7406}.Release|Any CPU.ActiveCfg = Release|Any CPU
		{01636360-991A-43DE-8C32-78C00D5C7406}.Release|Any CPU.Build.0 = Release|Any CPU
		{7C8A6B33-57CF-4FA0-B855-E6411C378194}.Debug|Any CPU.ActiveCfg = Debug|Any CPU
		{7C8A6B33-57CF-4FA0-B855-E6411C378194}.Debug|Any CPU.Build.0 = Debug|Any CPU
		{7C8A6B33-57CF-4FA0-B855-E6411C378194}.Release|Any CPU.ActiveCfg = Release|Any CPU
		{7C8A6B33-57CF-4FA0-B855-E6411C378194}.Release|Any CPU.Build.0 = Release|Any CPU
	EndGlobalSection
	GlobalSection(SolutionProperties) = preSolution
		HideSolutionNode = FALSE
	EndGlobalSection
	GlobalSection(ExtensibilityGlobals) = postSolution
		SolutionGuid = {A2A9DF2D-E003-4BEB-A5F3-B3B46279390B}
	EndGlobalSection
EndGlobal
