
Microsoft Visual Studio Solution File, Format Version 12.00
# Visual Studio 15
VisualStudioVersion = 15.0.28307.705
MinimumVisualStudioVersion = 10.0.40219.1
Project("{9A19103F-16F7-4668-BE54-9A1E7A4F7556}") = "Messages", "Messages\Messages.csproj", "{B1899C04-D118-4574-87EA-15668910373F}"
EndProject
Project("{9A19103F-16F7-4668-BE54-9A1E7A4F7556}") = "Server", "Server\Server.csproj", "{8D23A4E3-E31B-4703-8EBB-15905DEA5CEB}"
EndProject
Project("{9A19103F-16F7-4668-BE54-9A1E7A4F7556}") = "Client", "Client\Client.csproj", "{F785815E-5791-4B86-B5F8-061BAC9F00A4}"
EndProject
Global
	GlobalSection(SolutionConfigurationPlatforms) = preSolution
		Debug|Any CPU = Debug|Any CPU
		Release|Any CPU = Release|Any CPU
	EndGlobalSection
	GlobalSection(ProjectConfigurationPlatforms) = postSolution
		{B1899C04-D118-4574-87EA-15668910373F}.Debug|Any CPU.ActiveCfg = Debug|Any CPU
		{B1899C04-D118-4574-87EA-15668910373F}.Debug|Any CPU.Build.0 = Debug|Any CPU
		{B1899C04-D118-4574-87EA-15668910373F}.Release|Any CPU.ActiveCfg = Release|Any CPU
		{B1899C04-D118-4574-87EA-15668910373F}.Release|Any CPU.Build.0 = Release|Any CPU
		{8D23A4E3-E31B-4703-8EBB-15905DEA5CEB}.Debug|Any CPU.ActiveCfg = Debug|Any CPU
		{8D23A4E3-E31B-4703-8EBB-15905DEA5CEB}.Debug|Any CPU.Build.0 = Debug|Any CPU
		{8D23A4E3-E31B-4703-8EBB-15905DEA5CEB}.Release|Any CPU.ActiveCfg = Release|Any CPU
		{8D23A4E3-E31B-4703-8EBB-15905DEA5CEB}.Release|Any CPU.Build.0 = Release|Any CPU
		{F785815E-5791-4B86-B5F8-061BAC9F00A4}.Debug|Any CPU.ActiveCfg = Debug|Any CPU
		{F785815E-5791-4B86-B5F8-061BAC9F00A4}.Debug|Any CPU.Build.0 = Debug|Any CPU
		{F785815E-5791-4B86-B5F8-061BAC9F00A4}.Release|Any CPU.ActiveCfg = Release|Any CPU
		{F785815E-5791-4B86-B5F8-061BAC9F00A4}.Release|Any CPU.Build.0 = Release|Any CPU
	EndGlobalSection
	GlobalSection(SolutionProperties) = preSolution
		HideSolutionNode = FALSE
	EndGlobalSection
	GlobalSection(ExtensibilityGlobals) = postSolution
		SolutionGuid = {EB1697F2-5776-4929-8CB1-695BC15601D5}
	EndGlobalSection
EndGlobal
