
Microsoft Visual Studio Solution File, Format Version 12.00
# Visual Studio 15
VisualStudioVersion = 15.0.28307.705
MinimumVisualStudioVersion = 10.0.40219.1
Project("{9A19103F-16F7-4668-BE54-9A1E7A4F7556}") = "Server", "Server\Server.csproj", "{8262CA06-A8F7-4D21-B5C5-81342B4ACFF4}"
EndProject
Project("{FAE04EC0-301F-11D3-BF4B-00C04F79EFBC}") = "Client", "Client\Client.csproj", "{803A8565-1CA1-4AA4-A166-236274675250}"
EndProject
Global
	GlobalSection(SolutionConfigurationPlatforms) = preSolution
		Debug|Any CPU = Debug|Any CPU
		Release|Any CPU = Release|Any CPU
	EndGlobalSection
	GlobalSection(ProjectConfigurationPlatforms) = postSolution
		{8262CA06-A8F7-4D21-B5C5-81342B4ACFF4}.Debug|Any CPU.ActiveCfg = Debug|Any CPU
		{8262CA06-A8F7-4D21-B5C5-81342B4ACFF4}.Debug|Any CPU.Build.0 = Debug|Any CPU
		{8262CA06-A8F7-4D21-B5C5-81342B4ACFF4}.Release|Any CPU.ActiveCfg = Release|Any CPU
		{8262CA06-A8F7-4D21-B5C5-81342B4ACFF4}.Release|Any CPU.Build.0 = Release|Any CPU
		{803A8565-1CA1-4AA4-A166-236274675250}.Debug|Any CPU.ActiveCfg = Debug|Any CPU
		{803A8565-1CA1-4AA4-A166-236274675250}.Debug|Any CPU.Build.0 = Debug|Any CPU
		{803A8565-1CA1-4AA4-A166-236274675250}.Release|Any CPU.ActiveCfg = Release|Any CPU
		{803A8565-1CA1-4AA4-A166-236274675250}.Release|Any CPU.Build.0 = Release|Any CPU
	EndGlobalSection
	GlobalSection(SolutionProperties) = preSolution
		HideSolutionNode = FALSE
	EndGlobalSection
	GlobalSection(ExtensibilityGlobals) = postSolution
		SolutionGuid = {3B64092F-B6EA-44AF-A25B-3A0DBC2BE37D}
	EndGlobalSection
EndGlobal
